
Microsoft Visual Studio Solution File, Format Version 12.00
# Visual Studio 15
VisualStudioVersion = 15.0.28307.271
MinimumVisualStudioVersion = 10.0.40219.1
Project("{FAE04EC0-301F-11D3-BF4B-00C04F79EFBC}") = "ConvergingStrings", "ConsoleApp1\ConvergingStrings.csproj", "{8584A84B-944F-47CA-8FC2-32C80483F667}"
EndProject
Global
	GlobalSection(SolutionConfigurationPlatforms) = preSolution
		Debug|Any CPU = Debug|Any CPU
		Release|Any CPU = Release|Any CPU
	EndGlobalSection
	GlobalSection(ProjectConfigurationPlatforms) = postSolution
		{8584A84B-944F-47CA-8FC2-32C80483F667}.Debug|Any CPU.ActiveCfg = Debug|Any CPU
		{8584A84B-944F-47CA-8FC2-32C80483F667}.Debug|Any CPU.Build.0 = Debug|Any CPU
		{8584A84B-944F-47CA-8FC2-32C80483F667}.Release|Any CPU.ActiveCfg = Release|Any CPU
		{8584A84B-944F-47CA-8FC2-32C80483F667}.Release|Any CPU.Build.0 = Release|Any CPU
	EndGlobalSection
	GlobalSection(SolutionProperties) = preSolution
		HideSolutionNode = FALSE
	EndGlobalSection
	GlobalSection(ExtensibilityGlobals) = postSolution
		SolutionGuid = {B45F25DA-09BF-4C1D-AF6E-DF36970B7507}
	EndGlobalSection
EndGlobal
